// !$*UTF8*$!
{
	archiveVersion = 1;
	classes = {
	};
	objectVersion = 50;
	objects = {

/* Begin PBXBuildFile section */
		3414F2B2208E64050090C2C5 /* AppDelegate.swift in Sources */ = {isa = PBXBuildFile; fileRef = 3414F2B1208E64050090C2C5 /* AppDelegate.swift */; };
		3414F2B7208E64050090C2C5 /* Main.storyboard in Resources */ = {isa = PBXBuildFile; fileRef = 3414F2B5208E64050090C2C5 /* Main.storyboard */; };
		3414F2B9208E640D0090C2C5 /* Assets.xcassets in Resources */ = {isa = PBXBuildFile; fileRef = 3414F2B8208E640D0090C2C5 /* Assets.xcassets */; };
		3414F2BC208E640D0090C2C5 /* LaunchScreen.storyboard in Resources */ = {isa = PBXBuildFile; fileRef = 3414F2BA208E640D0090C2C5 /* LaunchScreen.storyboard */; };
		3414F2C7208E640E0090C2C5 /* TableViewExploreTests.swift in Sources */ = {isa = PBXBuildFile; fileRef = 3414F2C6208E640E0090C2C5 /* TableViewExploreTests.swift */; };
		3414F2D2208E640E0090C2C5 /* TableViewExploreUITests.swift in Sources */ = {isa = PBXBuildFile; fileRef = 3414F2D1208E640E0090C2C5 /* TableViewExploreUITests.swift */; };
		3414F2E2208E655C0090C2C5 /* MyViewController.swift in Sources */ = {isa = PBXBuildFile; fileRef = 3414F2E1208E655C0090C2C5 /* MyViewController.swift */; };
		3414F2E4208E65940090C2C5 /* MyTableViewController.swift in Sources */ = {isa = PBXBuildFile; fileRef = 3414F2E3208E65940090C2C5 /* MyTableViewController.swift */; };
/* End PBXBuildFile section */

/* Begin PBXContainerItemProxy section */
		3414F2C3208E640E0090C2C5 /* PBXContainerItemProxy */ = {
			isa = PBXContainerItemProxy;
			containerPortal = 3414F2A6208E64050090C2C5 /* Project object */;
			proxyType = 1;
			remoteGlobalIDString = 3414F2AD208E64050090C2C5;
			remoteInfo = TableViewExplore;
		};
		3414F2CE208E640E0090C2C5 /* PBXContainerItemProxy */ = {
			isa = PBXContainerItemProxy;
			containerPortal = 3414F2A6208E64050090C2C5 /* Project object */;
			proxyType = 1;
			remoteGlobalIDString = 3414F2AD208E64050090C2C5;
			remoteInfo = TableViewExplore;
		};
/* End PBXContainerItemProxy section */

/* Begin PBXFileReference section */
		3414F2AE208E64050090C2C5 /* TableViewExplore.app */ = {isa = PBXFileReference; explicitFileType = wrapper.application; includeInIndex = 0; path = TableViewExplore.app; sourceTree = BUILT_PRODUCTS_DIR; };
		3414F2B1208E64050090C2C5 /* AppDelegate.swift */ = {isa = PBXFileReference; lastKnownFileType = sourcecode.swift; path = AppDelegate.swift; sourceTree = "<group>"; };
		3414F2B6208E64050090C2C5 /* Base */ = {isa = PBXFileReference; lastKnownFileType = file.storyboard; name = Base; path = Base.lproj/Main.storyboard; sourceTree = "<group>"; };
		3414F2B8208E640D0090C2C5 /* Assets.xcassets */ = {isa = PBXFileReference; lastKnownFileType = folder.assetcatalog; path = Assets.xcassets; sourceTree = "<group>"; };
		3414F2BB208E640D0090C2C5 /* Base */ = {isa = PBXFileReference; lastKnownFileType = file.storyboard; name = Base; path = Base.lproj/LaunchScreen.storyboard; sourceTree = "<group>"; };
		3414F2BD208E640D0090C2C5 /* Info.plist */ = {isa = PBXFileReference; lastKnownFileType = text.plist.xml; path = Info.plist; sourceTree = "<group>"; };
		3414F2C2208E640E0090C2C5 /* TableViewExploreTests.xctest */ = {isa = PBXFileReference; explicitFileType = wrapper.cfbundle; includeInIndex = 0; path = TableViewExploreTests.xctest; sourceTree = BUILT_PRODUCTS_DIR; };
		3414F2C6208E640E0090C2C5 /* TableViewExploreTests.swift */ = {isa = PBXFileReference; lastKnownFileType = sourcecode.swift; path = TableViewExploreTests.swift; sourceTree = "<group>"; };
		3414F2C8208E640E0090C2C5 /* Info.plist */ = {isa = PBXFileReference; lastKnownFileType = text.plist.xml; path = Info.plist; sourceTree = "<group>"; };
		3414F2CD208E640E0090C2C5 /* TableViewExploreUITests.xctest */ = {isa = PBXFileReference; explicitFileType = wrapper.cfbundle; includeInIndex = 0; path = TableViewExploreUITests.xctest; sourceTree = BUILT_PRODUCTS_DIR; };
		3414F2D1208E640E0090C2C5 /* TableViewExploreUITests.swift */ = {isa = PBXFileReference; lastKnownFileType = sourcecode.swift; path = TableViewExploreUITests.swift; sourceTree = "<group>"; };
		3414F2D3208E640E0090C2C5 /* Info.plist */ = {isa = PBXFileReference; lastKnownFileType = text.plist.xml; path = Info.plist; sourceTree = "<group>"; };
		3414F2E1208E655C0090C2C5 /* MyViewController.swift */ = {isa = PBXFileReference; lastKnownFileType = sourcecode.swift; path = MyViewController.swift; sourceTree = "<group>"; };
		3414F2E3208E65940090C2C5 /* MyTableViewController.swift */ = {isa = PBXFileReference; lastKnownFileType = sourcecode.swift; path = MyTableViewController.swift; sourceTree = "<group>"; };
/* End PBXFileReference section */

/* Begin PBXFrameworksBuildPhase section */
		3414F2AB208E64050090C2C5 /* Frameworks */ = {
			isa = PBXFrameworksBuildPhase;
			buildActionMask = 2147483647;
			files = (
			);
			runOnlyForDeploymentPostprocessing = 0;
		};
		3414F2BF208E640E0090C2C5 /* Frameworks */ = {
			isa = PBXFrameworksBuildPhase;
			buildActionMask = 2147483647;
			files = (
			);
			runOnlyForDeploymentPostprocessing = 0;
		};
		3414F2CA208E640E0090C2C5 /* Frameworks */ = {
			isa = PBXFrameworksBuildPhase;
			buildActionMask = 2147483647;
			files = (
			);
			runOnlyForDeploymentPostprocessing = 0;
		};
/* End PBXFrameworksBuildPhase section */

/* Begin PBXGroup section */
		3414F2A5208E64050090C2C5 = {
			isa = PBXGroup;
			children = (
				3414F2B0208E64050090C2C5 /* TableViewExplore */,
				3414F2C5208E640E0090C2C5 /* TableViewExploreTests */,
				3414F2D0208E640E0090C2C5 /* TableViewExploreUITests */,
				3414F2AF208E64050090C2C5 /* Products */,
			);
			sourceTree = "<group>";
		};
		3414F2AF208E64050090C2C5 /* Products */ = {
			isa = PBXGroup;
			children = (
				3414F2AE208E64050090C2C5 /* TableViewExplore.app */,
				3414F2C2208E640E0090C2C5 /* TableViewExploreTests.xctest */,
				3414F2CD208E640E0090C2C5 /* TableViewExploreUITests.xctest */,
			);
			name = Products;
			sourceTree = "<group>";
		};
		3414F2B0208E64050090C2C5 /* TableViewExplore */ = {
			isa = PBXGroup;
			children = (
				3414F2E3208E65940090C2C5 /* MyTableViewController.swift */,
				3414F2B1208E64050090C2C5 /* AppDelegate.swift */,
				3414F2B5208E64050090C2C5 /* Main.storyboard */,
				3414F2E1208E655C0090C2C5 /* MyViewController.swift */,
				3414F2B8208E640D0090C2C5 /* Assets.xcassets */,
				3414F2BA208E640D0090C2C5 /* LaunchScreen.storyboard */,
				3414F2BD208E640D0090C2C5 /* Info.plist */,
			);
			path = TableViewExplore;
			sourceTree = "<group>";
		};
		3414F2C5208E640E0090C2C5 /* TableViewExploreTests */ = {
			isa = PBXGroup;
			children = (
				3414F2C6208E640E0090C2C5 /* TableViewExploreTests.swift */,
				3414F2C8208E640E0090C2C5 /* Info.plist */,
			);
			path = TableViewExploreTests;
			sourceTree = "<group>";
		};
		3414F2D0208E640E0090C2C5 /* TableViewExploreUITests */ = {
			isa = PBXGroup;
			children = (
				3414F2D1208E640E0090C2C5 /* TableViewExploreUITests.swift */,
				3414F2D3208E640E0090C2C5 /* Info.plist */,
			);
			path = TableViewExploreUITests;
			sourceTree = "<group>";
		};
/* End PBXGroup section */

/* Begin PBXNativeTarget section */
		3414F2AD208E64050090C2C5 /* TableViewExplore */ = {
			isa = PBXNativeTarget;
			buildConfigurationList = 3414F2D6208E640E0090C2C5 /* Build configuration list for PBXNativeTarget "TableViewExplore" */;
			buildPhases = (
				3414F2AA208E64050090C2C5 /* Sources */,
				3414F2AB208E64050090C2C5 /* Frameworks */,
				3414F2AC208E64050090C2C5 /* Resources */,
			);
			buildRules = (
			);
			dependencies = (
			);
			name = TableViewExplore;
			productName = TableViewExplore;
			productReference = 3414F2AE208E64050090C2C5 /* TableViewExplore.app */;
			productType = "com.apple.product-type.application";
		};
		3414F2C1208E640E0090C2C5 /* TableViewExploreTests */ = {
			isa = PBXNativeTarget;
			buildConfigurationList = 3414F2D9208E640E0090C2C5 /* Build configuration list for PBXNativeTarget "TableViewExploreTests" */;
			buildPhases = (
				3414F2BE208E640E0090C2C5 /* Sources */,
				3414F2BF208E640E0090C2C5 /* Frameworks */,
				3414F2C0208E640E0090C2C5 /* Resources */,
			);
			buildRules = (
			);
			dependencies = (
				3414F2C4208E640E0090C2C5 /* PBXTargetDependency */,
			);
			name = TableViewExploreTests;
			productName = TableViewExploreTests;
			productReference = 3414F2C2208E640E0090C2C5 /* TableViewExploreTests.xctest */;
			productType = "com.apple.product-type.bundle.unit-test";
		};
		3414F2CC208E640E0090C2C5 /* TableViewExploreUITests */ = {
			isa = PBXNativeTarget;
			buildConfigurationList = 3414F2DC208E640E0090C2C5 /* Build configuration list for PBXNativeTarget "TableViewExploreUITests" */;
			buildPhases = (
				3414F2C9208E640E0090C2C5 /* Sources */,
				3414F2CA208E640E0090C2C5 /* Frameworks */,
				3414F2CB208E640E0090C2C5 /* Resources */,
			);
			buildRules = (
			);
			dependencies = (
				3414F2CF208E640E0090C2C5 /* PBXTargetDependency */,
			);
			name = TableViewExploreUITests;
			productName = TableViewExploreUITests;
			productReference = 3414F2CD208E640E0090C2C5 /* TableViewExploreUITests.xctest */;
			productType = "com.apple.product-type.bundle.ui-testing";
		};
/* End PBXNativeTarget section */

/* Begin PBXProject section */
		3414F2A6208E64050090C2C5 /* Project object */ = {
			isa = PBXProject;
			attributes = {
				LastSwiftUpdateCheck = 0930;
				LastUpgradeCheck = 0930;
				ORGANIZATIONNAME = "Taylor Solomon";
				TargetAttributes = {
					3414F2AD208E64050090C2C5 = {
						CreatedOnToolsVersion = 9.3;
					};
					3414F2C1208E640E0090C2C5 = {
						CreatedOnToolsVersion = 9.3;
						TestTargetID = 3414F2AD208E64050090C2C5;
					};
					3414F2CC208E640E0090C2C5 = {
						CreatedOnToolsVersion = 9.3;
						TestTargetID = 3414F2AD208E64050090C2C5;
					};
				};
			};
			buildConfigurationList = 3414F2A9208E64050090C2C5 /* Build configuration list for PBXProject "TableViewExplore" */;
			compatibilityVersion = "Xcode 9.3";
			developmentRegion = en;
			hasScannedForEncodings = 0;
			knownRegions = (
				en,
				Base,
			);
			mainGroup = 3414F2A5208E64050090C2C5;
			productRefGroup = 3414F2AF208E64050090C2C5 /* Products */;
			projectDirPath = "";
			projectRoot = "";
			targets = (
				3414F2AD208E64050090C2C5 /* TableViewExplore */,
				3414F2C1208E640E0090C2C5 /* TableViewExploreTests */,
				3414F2CC208E640E0090C2C5 /* TableViewExploreUITests */,
			);
		};
/* End PBXProject section */

/* Begin PBXResourcesBuildPhase section */
		3414F2AC208E64050090C2C5 /* Resources */ = {
			isa = PBXResourcesBuildPhase;
			buildActionMask = 2147483647;
			files = (
				3414F2BC208E640D0090C2C5 /* LaunchScreen.storyboard in Resources */,
				3414F2B9208E640D0090C2C5 /* Assets.xcassets in Resources */,
				3414F2B7208E64050090C2C5 /* Main.storyboard in Resources */,
			);
			runOnlyForDeploymentPostprocessing = 0;
		};
		3414F2C0208E640E0090C2C5 /* Resources */ = {
			isa = PBXResourcesBuildPhase;
			buildActionMask = 2147483647;
			files = (
			);
			runOnlyForDeploymentPostprocessing = 0;
		};
		3414F2CB208E640E0090C2C5 /* Resources */ = {
			isa = PBXResourcesBuildPhase;
			buildActionMask = 2147483647;
			files = (
			);
			runOnlyForDeploymentPostprocessing = 0;
		};
/* End PBXResourcesBuildPhase section */

/* Begin PBXSourcesBuildPhase section */
		3414F2AA208E64050090C2C5 /* Sources */ = {
			isa = PBXSourcesBuildPhase;
			buildActionMask = 2147483647;
			files = (
				3414F2B2208E64050090C2C5 /* AppDelegate.swift in Sources */,
				3414F2E4208E65940090C2C5 /* MyTableViewController.swift in Sources */,
				3414F2E2208E655C0090C2C5 /* MyViewController.swift in Sources */,
			);
			runOnlyForDeploymentPostprocessing = 0;
		};
		3414F2BE208E640E0090C2C5 /* Sources */ = {
			isa = PBXSourcesBuildPhase;
			buildActionMask = 2147483647;
			files = (
				3414F2C7208E640E0090C2C5 /* TableViewExploreTests.swift in Sources */,
			);
			runOnlyForDeploymentPostprocessing = 0;
		};
		3414F2C9208E640E0090C2C5 /* Sources */ = {
			isa = PBXSourcesBuildPhase;
			buildActionMask = 2147483647;
			files = (
				3414F2D2208E640E0090C2C5 /* TableViewExploreUITests.swift in Sources */,
			);
			runOnlyForDeploymentPostprocessing = 0;
		};
/* End PBXSourcesBuildPhase section */

/* Begin PBXTargetDependency section */
		3414F2C4208E640E0090C2C5 /* PBXTargetDependency */ = {
			isa = PBXTargetDependency;
			target = 3414F2AD208E64050090C2C5 /* TableViewExplore */;
			targetProxy = 3414F2C3208E640E0090C2C5 /* PBXContainerItemProxy */;
		};
		3414F2CF208E640E0090C2C5 /* PBXTargetDependency */ = {
			isa = PBXTargetDependency;
			target = 3414F2AD208E64050090C2C5 /* TableViewExplore */;
			targetProxy = 3414F2CE208E640E0090C2C5 /* PBXContainerItemProxy */;
		};
/* End PBXTargetDependency section */

/* Begin PBXVariantGroup section */
		3414F2B5208E64050090C2C5 /* Main.storyboard */ = {
			isa = PBXVariantGroup;
			children = (
				3414F2B6208E64050090C2C5 /* Base */,
			);
			name = Main.storyboard;
			sourceTree = "<group>";
		};
		3414F2BA208E640D0090C2C5 /* LaunchScreen.storyboard */ = {
			isa = PBXVariantGroup;
			children = (
				3414F2BB208E640D0090C2C5 /* Base */,
			);
			name = LaunchScreen.storyboard;
			sourceTree = "<group>";
		};
/* End PBXVariantGroup section */

/* Begin XCBuildConfiguration section */
		3414F2D4208E640E0090C2C5 /* Debug */ = {
			isa = XCBuildConfiguration;
			buildSettings = {
				ALWAYS_SEARCH_USER_PATHS = NO;
				CLANG_ANALYZER_NONNULL = YES;
				CLANG_ANALYZER_NUMBER_OBJECT_CONVERSION = YES_AGGRESSIVE;
				CLANG_CXX_LANGUAGE_STANDARD = "gnu++14";
				CLANG_CXX_LIBRARY = "libc++";
				CLANG_ENABLE_MODULES = YES;
				CLANG_ENABLE_OBJC_ARC = YES;
				CLANG_ENABLE_OBJC_WEAK = YES;
				CLANG_WARN_BLOCK_CAPTURE_AUTORELEASING = YES;
				CLANG_WARN_BOOL_CONVERSION = YES;
				CLANG_WARN_COMMA = YES;
				CLANG_WARN_CONSTANT_CONVERSION = YES;
				CLANG_WARN_DEPRECATED_OBJC_IMPLEMENTATIONS = YES;
				CLANG_WARN_DIRECT_OBJC_ISA_USAGE = YES_ERROR;
				CLANG_WARN_DOCUMENTATION_COMMENTS = YES;
				CLANG_WARN_EMPTY_BODY = YES;
				CLANG_WARN_ENUM_CONVERSION = YES;
				CLANG_WARN_INFINITE_RECURSION = YES;
				CLANG_WARN_INT_CONVERSION = YES;
				CLANG_WARN_NON_LITERAL_NULL_CONVERSION = YES;
				CLANG_WARN_OBJC_IMPLICIT_RETAIN_SELF = YES;
				CLANG_WARN_OBJC_LITERAL_CONVERSION = YES;
				CLANG_WARN_OBJC_ROOT_CLASS = YES_ERROR;
				CLANG_WARN_RANGE_LOOP_ANALYSIS = YES;
				CLANG_WARN_STRICT_PROTOTYPES = YES;
				CLANG_WARN_SUSPICIOUS_MOVE = YES;
				CLANG_WARN_UNGUARDED_AVAILABILITY = YES_AGGRESSIVE;
				CLANG_WARN_UNREACHABLE_CODE = YES;
				CLANG_WARN__DUPLICATE_METHOD_MATCH = YES;
				CODE_SIGN_IDENTITY = "iPhone Developer";
				COPY_PHASE_STRIP = NO;
				DEBUG_INFORMATION_FORMAT = dwarf;
				ENABLE_STRICT_OBJC_MSGSEND = YES;
				ENABLE_TESTABILITY = YES;
				GCC_C_LANGUAGE_STANDARD = gnu11;
				GCC_DYNAMIC_NO_PIC = NO;
				GCC_NO_COMMON_BLOCKS = YES;
				GCC_OPTIMIZATION_LEVEL = 0;
				GCC_PREPROCESSOR_DEFINITIONS = (
					"DEBUG=1",
					"$(inherited)",
				);
				GCC_WARN_64_TO_32_BIT_CONVERSION = YES;
				GCC_WARN_ABOUT_RETURN_TYPE = YES_ERROR;
				GCC_WARN_UNDECLARED_SELECTOR = YES;
				GCC_WARN_UNINITIALIZED_AUTOS = YES_AGGRESSIVE;
				GCC_WARN_UNUSED_FUNCTION = YES;
				GCC_WARN_UNUSED_VARIABLE = YES;
				IPHONEOS_DEPLOYMENT_TARGET = 11.3;
				MTL_ENABLE_DEBUG_INFO = YES;
				ONLY_ACTIVE_ARCH = YES;
				SDKROOT = iphoneos;
				SWIFT_ACTIVE_COMPILATION_CONDITIONS = DEBUG;
				SWIFT_OPTIMIZATION_LEVEL = "-Onone";
			};
			name = Debug;
		};
		3414F2D5208E640E0090C2C5 /* Release */ = {
			isa = XCBuildConfiguration;
			buildSettings = {
				ALWAYS_SEARCH_USER_PATHS = NO;
				CLANG_ANALYZER_NONNULL = YES;
				CLANG_ANALYZER_NUMBER_OBJECT_CONVERSION = YES_AGGRESSIVE;
				CLANG_CXX_LANGUAGE_STANDARD = "gnu++14";
				CLANG_CXX_LIBRARY = "libc++";
				CLANG_ENABLE_MODULES = YES;
				CLANG_ENABLE_OBJC_ARC = YES;
				CLANG_ENABLE_OBJC_WEAK = YES;
				CLANG_WARN_BLOCK_CAPTURE_AUTORELEASING = YES;
				CLANG_WARN_BOOL_CONVERSION = YES;
				CLANG_WARN_COMMA = YES;
				CLANG_WARN_CONSTANT_CONVERSION = YES;
				CLANG_WARN_DEPRECATED_OBJC_IMPLEMENTATIONS = YES;
				CLANG_WARN_DIRECT_OBJC_ISA_USAGE = YES_ERROR;
				CLANG_WARN_DOCUMENTATION_COMMENTS = YES;
				CLANG_WARN_EMPTY_BODY = YES;
				CLANG_WARN_ENUM_CONVERSION = YES;
				CLANG_WARN_INFINITE_RECURSION = YES;
				CLANG_WARN_INT_CONVERSION = YES;
				CLANG_WARN_NON_LITERAL_NULL_CONVERSION = YES;
				CLANG_WARN_OBJC_IMPLICIT_RETAIN_SELF = YES;
				CLANG_WARN_OBJC_LITERAL_CONVERSION = YES;
				CLANG_WARN_OBJC_ROOT_CLASS = YES_ERROR;
				CLANG_WARN_RANGE_LOOP_ANALYSIS = YES;
				CLANG_WARN_STRICT_PROTOTYPES = YES;
				CLANG_WARN_SUSPICIOUS_MOVE = YES;
				CLANG_WARN_UNGUARDED_AVAILABILITY = YES_AGGRESSIVE;
				CLANG_WARN_UNREACHABLE_CODE = YES;
				CLANG_WARN__DUPLICATE_METHOD_MATCH = YES;
				CODE_SIGN_IDENTITY = "iPhone Developer";
				COPY_PHASE_STRIP = NO;
				DEBUG_INFORMATION_FORMAT = "dwarf-with-dsym";
				ENABLE_NS_ASSERTIONS = NO;
				ENABLE_STRICT_OBJC_MSGSEND = YES;
				GCC_C_LANGUAGE_STANDARD = gnu11;
				GCC_NO_COMMON_BLOCKS = YES;
				GCC_WARN_64_TO_32_BIT_CONVERSION = YES;
				GCC_WARN_ABOUT_RETURN_TYPE = YES_ERROR;
				GCC_WARN_UNDECLARED_SELECTOR = YES;
				GCC_WARN_UNINITIALIZED_AUTOS = YES_AGGRESSIVE;
				GCC_WARN_UNUSED_FUNCTION = YES;
				GCC_WARN_UNUSED_VARIABLE = YES;
				IPHONEOS_DEPLOYMENT_TARGET = 11.3;
				MTL_ENABLE_DEBUG_INFO = NO;
				SDKROOT = iphoneos;
				SWIFT_COMPILATION_MODE = wholemodule;
				SWIFT_OPTIMIZATION_LEVEL = "-O";
				VALIDATE_PRODUCT = YES;
			};
			name = Release;
		};
		3414F2D7208E640E0090C2C5 /* Debug */ = {
			isa = XCBuildConfiguration;
			buildSettings = {
				ASSETCATALOG_COMPILER_APPICON_NAME = AppIcon;
				CODE_SIGN_STYLE = Automatic;
				INFOPLIST_FILE = TableViewExplore/Info.plist;
				LD_RUNPATH_SEARCH_PATHS = (
					"$(inherited)",
					"@executable_path/Frameworks",
				);
				PRODUCT_BUNDLE_IDENTIFIER = com.Tigger.TableViewExplore;
				PRODUCT_NAME = "$(TARGET_NAME)";
				SWIFT_VERSION = 4.0;
				TARGETED_DEVICE_FAMILY = "1,2";
			};
			name = Debug;
		};
		3414F2D8208E640E0090C2C5 /* Release */ = {
			isa = XCBuildConfiguration;
			buildSettings = {
				ASSETCATALOG_COMPILER_APPICON_NAME = AppIcon;
				CODE_SIGN_STYLE = Automatic;
				INFOPLIST_FILE = TableViewExplore/Info.plist;
				LD_RUNPATH_SEARCH_PATHS = (
					"$(inherited)",
					"@executable_path/Frameworks",
				);
				PRODUCT_BUNDLE_IDENTIFIER = com.Tigger.TableViewExplore;
				PRODUCT_NAME = "$(TARGET_NAME)";
				SWIFT_VERSION = 4.0;
				TARGETED_DEVICE_FAMILY = "1,2";
			};
			name = Release;
		};
		3414F2DA208E640E0090C2C5 /* Debug */ = {
			isa = XCBuildConfiguration;
			buildSettings = {
				ALWAYS_EMBED_SWIFT_STANDARD_LIBRARIES = YES;
				BUNDLE_LOADER = "$(TEST_HOST)";
				CODE_SIGN_STYLE = Automatic;
				INFOPLIST_FILE = TableViewExploreTests/Info.plist;
				LD_RUNPATH_SEARCH_PATHS = (
					"$(inherited)",
					"@executable_path/Frameworks",
					"@loader_path/Frameworks",
				);
				PRODUCT_BUNDLE_IDENTIFIER = com.Tigger.TableViewExploreTests;
				PRODUCT_NAME = "$(TARGET_NAME)";
				SWIFT_VERSION = 4.0;
				TARGETED_DEVICE_FAMILY = "1,2";
				TEST_HOST = "$(BUILT_PRODUCTS_DIR)/TableViewExplore.app/TableViewExplore";
			};
			name = Debug;
		};
		3414F2DB208E640E0090C2C5 /* Release */ = {
			isa = XCBuildConfiguration;
			buildSettings = {
				ALWAYS_EMBED_SWIFT_STANDARD_LIBRARIES = YES;
				BUNDLE_LOADER = "$(TEST_HOST)";
				CODE_SIGN_STYLE = Automatic;
				INFOPLIST_FILE = TableViewExploreTests/Info.plist;
				LD_RUNPATH_SEARCH_PATHS = (
					"$(inherited)",
					"@executable_path/Frameworks",
					"@loader_path/Frameworks",
				);
				PRODUCT_BUNDLE_IDENTIFIER = com.Tigger.TableViewExploreTests;
				PRODUCT_NAME = "$(TARGET_NAME)";
				SWIFT_VERSION = 4.0;
				TARGETED_DEVICE_FAMILY = "1,2";
				TEST_HOST = "$(BUILT_PRODUCTS_DIR)/TableViewExplore.app/TableViewExplore";
			};
			name = Release;
		};
		3414F2DD208E640E0090C2C5 /* Debug */ = {
			isa = XCBuildConfiguration;
			buildSettings = {
				ALWAYS_EMBED_SWIFT_STANDARD_LIBRARIES = YES;
				CODE_SIGN_STYLE = Automatic;
				INFOPLIST_FILE = TableViewExploreUITests/Info.plist;
				LD_RUNPATH_SEARCH_PATHS = (
					"$(inherited)",
					"@executable_path/Frameworks",
					"@loader_path/Frameworks",
				);
				PRODUCT_BUNDLE_IDENTIFIER = com.Tigger.TableViewExploreUITests;
				PRODUCT_NAME = "$(TARGET_NAME)";
				SWIFT_VERSION = 4.0;
				TARGETED_DEVICE_FAMILY = "1,2";
				TEST_TARGET_NAME = TableViewExplore;
			};
			name = Debug;
		};
		3414F2DE208E640E0090C2C5 /* Release */ = {
			isa = XCBuildConfiguration;
			buildSettings = {
				ALWAYS_EMBED_SWIFT_STANDARD_LIBRARIES = YES;
				CODE_SIGN_STYLE = Automatic;
				INFOPLIST_FILE = TableViewExploreUITests/Info.plist;
				LD_RUNPATH_SEARCH_PATHS = (
					"$(inherited)",
					"@executable_path/Frameworks",
					"@loader_path/Frameworks",
				);
				PRODUCT_BUNDLE_IDENTIFIER = com.Tigger.TableViewExploreUITests;
				PRODUCT_NAME = "$(TARGET_NAME)";
				SWIFT_VERSION = 4.0;
				TARGETED_DEVICE_FAMILY = "1,2";
				TEST_TARGET_NAME = TableViewExplore;
			};
			name = Release;
		};
/* End XCBuildConfiguration section */

/* Begin XCConfigurationList section */
		3414F2A9208E64050090C2C5 /* Build configuration list for PBXProject "TableViewExplore" */ = {
			isa = XCConfigurationList;
			buildConfigurations = (
				3414F2D4208E640E0090C2C5 /* Debug */,
				3414F2D5208E640E0090C2C5 /* Release */,
			);
			defaultConfigurationIsVisible = 0;
			defaultConfigurationName = Release;
		};
		3414F2D6208E640E0090C2C5 /* Build configuration list for PBXNativeTarget "TableViewExplore" */ = {
			isa = XCConfigurationList;
			buildConfigurations = (
				3414F2D7208E640E0090C2C5 /* Debug */,
				3414F2D8208E640E0090C2C5 /* Release */,
			);
			defaultConfigurationIsVisible = 0;
			defaultConfigurationName = Release;
		};
		3414F2D9208E640E0090C2C5 /* Build configuration list for PBXNativeTarget "TableViewExploreTests" */ = {
			isa = XCConfigurationList;
			buildConfigurations = (
				3414F2DA208E640E0090C2C5 /* Debug */,
				3414F2DB208E640E0090C2C5 /* Release */,
			);
			defaultConfigurationIsVisible = 0;
			defaultConfigurationName = Release;
		};
		3414F2DC208E640E0090C2C5 /* Build configuration list for PBXNativeTarget "TableViewExploreUITests" */ = {
			isa = XCConfigurationList;
			buildConfigurations = (
				3414F2DD208E640E0090C2C5 /* Debug */,
				3414F2DE208E640E0090C2C5 /* Release */,
			);
			defaultConfigurationIsVisible = 0;
			defaultConfigurationName = Release;
		};
/* End XCConfigurationList section */
	};
	rootObject = 3414F2A6208E64050090C2C5 /* Project object */;
}
